{
	"name": "relay",
	"lockfileVersion": 3,
	"requires": true,
	"packages": {
		"": {
			"name": "relay",
			"dependencies": {
				"amqplib": "^0.10.7"
			},
			"devDependencies": {
				"@types/amqplib": "^0.10.7",
				"@types/bun": "latest"
			},
			"peerDependencies": {
				"typescript": "latest"
			}
		},
		"node_modules/@types/amqplib": {
			"version": "0.10.7",
			"resolved": "https://registry.npmjs.org/@types/amqplib/-/amqplib-0.10.7.tgz",
			"integrity": "sha512-IVj3avf9AQd2nXCx0PGk/OYq7VmHiyNxWFSb5HhU9ATh+i+gHWvVcljFTcTWQ/dyHJCTrzCixde+r/asL2ErDA==",
			"dev": true,
			"license": "MIT",
			"dependencies": {
				"@types/node": "*"
			}
		},
		"node_modules/@types/bun": {
			"version": "1.2.9",
			"resolved": "https://registry.npmjs.org/@types/bun/-/bun-1.2.9.tgz",
			"integrity": "sha512-epShhLGQYc4Bv/aceHbmBhOz1XgUnuTZgcxjxk+WXwNyDXavv5QHD1QEFV0FwbTSQtNq6g4ZcV6y0vZakTjswg==",
			"dev": true,
			"license": "MIT",
			"dependencies": {
				"bun-types": "1.2.9"
			}
		},
		"node_modules/@types/node": {
			"version": "22.14.1",
			"dev": true,
			"license": "MIT",
			"dependencies": {
				"undici-types": "~6.21.0"
			}
		},
		"node_modules/@types/ws": {
			"version": "8.18.1",
			"dev": true,
			"license": "MIT",
			"dependencies": {
				"@types/node": "*"
			}
		},
		"node_modules/amqplib": {
			"version": "0.10.7",
			"license": "MIT",
			"dependencies": {
				"buffer-more-ints": "~1.0.0",
				"url-parse": "~1.5.10"
			},
			"engines": {
				"node": ">=10"
			}
		},
		"node_modules/buffer-more-ints": {
			"version": "1.0.0",
			"license": "MIT"
		},
		"node_modules/bun-types": {
			"version": "1.2.9",
			"dev": true,
			"license": "MIT",
			"dependencies": {
				"@types/node": "*",
				"@types/ws": "*"
			}
		},
		"node_modules/querystringify": {
			"version": "2.2.0",
			"license": "MIT"
		},
		"node_modules/requires-port": {
			"version": "1.0.0",
			"license": "MIT"
		},
		"node_modules/typescript": {
			"version": "5.8.3",
			"resolved": "https://registry.npmjs.org/typescript/-/typescript-5.8.3.tgz",
			"integrity": "sha512-p1diW6TqL9L07nNxvRMM7hMMw4c5XOo/1ibL4aAIGmSAt9slTE1Xgw5KWuof2uTOvCg9BY7ZRi+GaF+7sfgPeQ==",
			"license": "Apache-2.0",
			"peer": true,
			"bin": {
				"tsc": "bin/tsc",
				"tsserver": "bin/tsserver"
			},
			"engines": {
				"node": ">=14.17"
			}
		},
		"node_modules/undici-types": {
			"version": "6.21.0",
			"dev": true,
			"license": "MIT"
		},
		"node_modules/url-parse": {
			"version": "1.5.10",
			"license": "MIT",
			"dependencies": {
				"querystringify": "^2.1.1",
				"requires-port": "^1.0.0"
			}
		}
	}
}
